{
  "version": "1",
  "sources": {
    "nixpkgs": {
      "type": "Tarball",
      "fetchType": "tarball",
      "origin": "https://channels.nixos.org/nixos-unstable-small/nixexprs.tar.zst",
      "revision": "e6025a0259c7e80f81b11effc15f65d95b708cba",
      "url": "https://releases.nixos.org/nixos/unstable-small/nixos-26.11pre1080820.e6025a0259c7/nixexprs.tar.zst?rev=e6025a0259c7e80f81b11effc15f65d95b708cba&lastModified=1790573947",
      "hash": "sha256-jEM5snk620AVrd9LX3k9ucA2tJkwaiV3TQSf2DGMzgw="
    }
  }
}
